
Microsoft Visual Studio Solution File, Format Version 12.00
# Visual Studio Version 17
VisualStudioVersion = 17.8.34330.188
MinimumVisualStudioVersion = 10.0.40219.1
Project("{FAE04EC0-301F-11D3-BF4B-00C04F79EFBC}") = "MvcCoreEntregaContinua", "MvcCoreEntregaContinua\MvcCoreEntregaContinua.csproj", "{EBB516E4-65D6-45DD-B332-26A902E9003D}"
EndProject
Global
	GlobalSection(SolutionConfigurationPlatforms) = preSolution
		Debug|Any CPU = Debug|Any CPU
		Release|Any CPU = Release|Any CPU
	EndGlobalSection
	GlobalSection(ProjectConfigurationPlatforms) = postSolution
		{EBB516E4-65D6-45DD-B332-26A902E9003D}.Debug|Any CPU.ActiveCfg = Debug|Any CPU
		{EBB516E4-65D6-45DD-B332-26A902E9003D}.Debug|Any CPU.Build.0 = Debug|Any CPU
		{EBB516E4-65D6-45DD-B332-26A902E9003D}.Release|Any CPU.ActiveCfg = Release|Any CPU
		{EBB516E4-65D6-45DD-B332-26A902E9003D}.Release|Any CPU.Build.0 = Release|Any CPU
	EndGlobalSection
	GlobalSection(SolutionProperties) = preSolution
		HideSolutionNode = FALSE
	EndGlobalSection
	GlobalSection(ExtensibilityGlobals) = postSolution
		SolutionGuid = {C03612AE-E021-4A8E-80DE-7093F4CC1556}
	EndGlobalSection
EndGlobal
